
Microsoft Visual Studio Solution File, Format Version 12.00
# Visual Studio Version 16
VisualStudioVersion = 16.0.29102.190
MinimumVisualStudioVersion = 10.0.40219.1
Project("{FAE04EC0-301F-11D3-BF4B-00C04F79EFBC}") = "SapiensProject", "SapiensProject\SapiensProject.csproj", "{D1FDCF2E-A925-40A2-BFA2-482E693FF8F3}"
EndProject
Global
	GlobalSection(SolutionConfigurationPlatforms) = preSolution
		Debug|Any CPU = Debug|Any CPU
		Debug|iPhone = Debug|iPhone
		Debug|iPhoneSimulator = Debug|iPhoneSimulator
		Release|Any CPU = Release|Any CPU
		Release|iPhone = Release|iPhone
		Release|iPhoneSimulator = Release|iPhoneSimulator
	EndGlobalSection
	GlobalSection(ProjectConfigurationPlatforms) = postSolution
		{D1FDCF2E-A925-40A2-BFA2-482E693FF8F3}.Debug|Any CPU.ActiveCfg = Debug|Any CPU
		{D1FDCF2E-A925-40A2-BFA2-482E693FF8F3}.Debug|Any CPU.Build.0 = Debug|Any CPU
		{D1FDCF2E-A925-40A2-BFA2-482E693FF8F3}.Debug|iPhone.ActiveCfg = Debug|Any CPU
		{D1FDCF2E-A925-40A2-BFA2-482E693FF8F3}.Debug|iPhone.Build.0 = Debug|Any CPU
		{D1FDCF2E-A925-40A2-BFA2-482E693FF8F3}.Debug|iPhoneSimulator.ActiveCfg = Debug|Any CPU
		{D1FDCF2E-A925-40A2-BFA2-482E693FF8F3}.Debug|iPhoneSimulator.Build.0 = Debug|Any CPU
		{D1FDCF2E-A925-40A2-BFA2-482E693FF8F3}.Release|Any CPU.ActiveCfg = Release|Any CPU
		{D1FDCF2E-A925-40A2-BFA2-482E693FF8F3}.Release|Any CPU.Build.0 = Release|Any CPU
		{D1FDCF2E-A925-40A2-BFA2-482E693FF8F3}.Release|iPhone.ActiveCfg = Release|Any CPU
		{D1FDCF2E-A925-40A2-BFA2-482E693FF8F3}.Release|iPhone.Build.0 = Release|Any CPU
		{D1FDCF2E-A925-40A2-BFA2-482E693FF8F3}.Release|iPhoneSimulator.ActiveCfg = Release|Any CPU
		{D1FDCF2E-A925-40A2-BFA2-482E693FF8F3}.Release|iPhoneSimulator.Build.0 = Release|Any CPU
	EndGlobalSection
	GlobalSection(SolutionProperties) = preSolution
		HideSolutionNode = FALSE
	EndGlobalSection
	GlobalSection(ExtensibilityGlobals) = postSolution
		SolutionGuid = {73E16AE8-5AC3-426E-B798-47F136713986}
	EndGlobalSection
EndGlobal
